
Microsoft Visual Studio Solution File, Format Version 12.00
# Visual Studio Version 17
VisualStudioVersion = 17.11.35222.181
MinimumVisualStudioVersion = 10.0.40219.1
Project("{FAE04EC0-301F-11D3-BF4B-00C04F79EFBC}") = "GameEngine", "GameEngine\GameEngine.csproj", "{6E6F5EEA-2B8B-4980-90B5-E3113D815605}"
EndProject
Global
	GlobalSection(SolutionConfigurationPlatforms) = preSolution
		Debug|Any CPU = Debug|Any CPU
		Release|Any CPU = Release|Any CPU
	EndGlobalSection
	GlobalSection(ProjectConfigurationPlatforms) = postSolution
		{6E6F5EEA-2B8B-4980-90B5-E3113D815605}.Debug|Any CPU.ActiveCfg = Debug|Any CPU
		{6E6F5EEA-2B8B-4980-90B5-E3113D815605}.Debug|Any CPU.Build.0 = Debug|Any CPU
		{6E6F5EEA-2B8B-4980-90B5-E3113D815605}.Release|Any CPU.ActiveCfg = Release|Any CPU
		{6E6F5EEA-2B8B-4980-90B5-E3113D815605}.Release|Any CPU.Build.0 = Release|Any CPU
	EndGlobalSection
	GlobalSection(SolutionProperties) = preSolution
		HideSolutionNode = FALSE
	EndGlobalSection
	GlobalSection(ExtensibilityGlobals) = postSolution
		SolutionGuid = {7CD3359C-FF3C-420E-A307-B07D4A1A176E}
	EndGlobalSection
EndGlobal
